<?xml version="1.0" encoding="utf-8"?>
<Project ToolsVersion="4.0" xmlns="http://schemas.microsoft.com/developer/msbuild/2003">
  <ItemGroup>
    <Filter Include="Source Files">
      <UniqueIdentifier>{4FC737F1-C7A5-4376-A066-2A32D752A2FF}</UniqueIdentifier>
      <Extensions>cpp;c;cc;cxx;def;odl;idl;hpj;bat;asm;asmx</Extensions>
    </Filter>
    <Filter Include="Header Files">
      <UniqueIdentifier>{93995380-89BD-4b04-88EB-625FBE52EBFB}</UniqueIdentifier>
      <Extensions>h;hh;hpp;hxx;hm;inl;inc;xsd</Extensions>
    </Filter>
    <Filter Include="Resource Files">
      <UniqueIdentifier>{67DA6AB6-F800-4c08-8B7A-83BB121AAD01}</UniqueIdentifier>
      <Extensions>rc;ico;cur;bmp;dlg;rc2;rct;bin;rgs;gif;jpg;jpeg;jpe;resx;tiff;tif;png;wav;mfcribbon-ms</Extensions>
    </Filter>
    <Filter Include="Header Files\Objects">
      <UniqueIdentifier>{572f359c-9b5b-4c62-a27e-6fb044b1787f}</UniqueIdentifier>
    </Filter>
    <Filter Include="Source Files\Objects">
      <UniqueIdentifier>{48653081-7338-46f0-88bb-2bc75c63f93a}</UniqueIdentifier>
    </Filter>
    <Filter Include="Header Files\Input">
      <UniqueIdentifier>{f2cdf05e-62bd-4de7-9952-6cc81be7527f}</UniqueIdentifier>
    </Filter>
    <Filter Include="Source Files\Input">
      <UniqueIdentifier>{5a6226ad-cbcc-43ba-8343-c3be72b3d261}</UniqueIdentifier>
    </Filter>
    <Filter Include="Header Files\Camera">
      <UniqueIdentifier>{9c2fe9a9-528a-4c84-816c-030795eeb734}</UniqueIdentifier>
    </Filter>
    <Filter Include="Source Files\Camera">
      <UniqueIdentifier>{c4096ad0-6e40-4a60-b7db-d9a2827a3644}</UniqueIdentifier>
    </Filter>
    <Filter Include="Header Files\Sprite">
      <UniqueIdentifier>{83784315-9c50-4e13-9b17-9c64ea5869aa}</UniqueIdentifier>
    </Filter>
    <Filter Include="Source Files\Sprite">
      <UniqueIdentifier>{0afcf7c8-339f-430e-8204-4f3c04a99dd3}</UniqueIdentifier>
    </Filter>
    <Filter Include="Header Files\Map">
      <UniqueIdentifier>{9726a7e0-6c9b-4525-b502-161d5cca7dfb}</UniqueIdentifier>
    </Filter>
    <Filter Include="Source Files\Map">
      <UniqueIdentifier>{05a34d3a-47c9-4dc7-8731-d1437b59e755}</UniqueIdentifier>
    </Filter>
    <Filter Include="Header Files\Game">
      <UniqueIdentifier>{2d35fe79-abf9-4960-99ce-19714791835e}</UniqueIdentifier>
    </Filter>
    <Filter Include="Source Files\Game">
      <UniqueIdentifier>{23ce0732-3ed7-452e-9b83-33ece5a9490a}</UniqueIdentifier>
    </Filter>
    <Filter Include="Header Files\QuadTree">
      <UniqueIdentifier>{a327720d-e3d0-4824-8e09-c37deeaf8a97}</UniqueIdentifier>
    </Filter>
    <Filter Include="Source Files\QuadTree">
      <UniqueIdentifier>{97c821c1-c38b-4ad7-80f6-4950a551d887}</UniqueIdentifier>
    </Filter>
    <Filter Include="Header Files\Objects\Gate">
      <UniqueIdentifier>{89111581-afc6-412e-a987-4fbb723d2a41}</UniqueIdentifier>
    </Filter>
    <Filter Include="Source Files\Objects\Gate">
      <UniqueIdentifier>{dc5eedb4-3050-469c-ab5f-8dcaf6fd3799}</UniqueIdentifier>
    </Filter>
    <Filter Include="Header Files\Objects\Enemies">
      <UniqueIdentifier>{6836fc72-d8d0-48a4-ae79-02fdee6a0f2c}</UniqueIdentifier>
    </Filter>
    <Filter Include="Source Files\Objects\Enemies">
      <UniqueIdentifier>{bc0f3b46-3b49-4fe1-96e2-d67371a96b73}</UniqueIdentifier>
    </Filter>
    <Filter Include="Header Files\Objects\Candle">
      <UniqueIdentifier>{ecb59f39-f600-45ba-9117-85cb1f8531da}</UniqueIdentifier>
    </Filter>
    <Filter Include="Source Files\Objects\Candle">
      <UniqueIdentifier>{b988e9f3-8a1f-4f32-9be4-1f36687ccc5a}</UniqueIdentifier>
    </Filter>
  </ItemGroup>
  <ItemGroup>
    <ClInclude Include="Config.h">
      <Filter>Header Files</Filter>
    </ClInclude>
    <ClInclude Include="List.h">
      <Filter>Header Files</Filter>
    </ClInclude>
    <ClInclude Include="GObject.h">
      <Filter>Header Files\Objects</Filter>
    </ClInclude>
    <ClInclude Include="MovableObject.h">
      <Filter>Header Files\Objects</Filter>
    </ClInclude>
    <ClInclude Include="Keyboard.h">
      <Filter>Header Files\Input</Filter>
    </ClInclude>
    <ClInclude Include="Camera.h">
      <Filter>Header Files\Camera</Filter>
    </ClInclude>
    <ClInclude Include="SpriteManager.h">
      <Filter>Header Files\Sprite</Filter>
    </ClInclude>
    <ClInclude Include="Sprite.h">
      <Filter>Header Files\Sprite</Filter>
    </ClInclude>
    <ClInclude Include="Animation.h">
      <Filter>Header Files\Sprite</Filter>
    </ClInclude>
    <ClInclude Include="Texture.h">
      <Filter>Header Files\Sprite</Filter>
    </ClInclude>
    <ClInclude Include="RectF.h">
      <Filter>Header Files\Objects</Filter>
    </ClInclude>
    <ClInclude Include="Map.h">
      <Filter>Header Files\Map</Filter>
    </ClInclude>
    <ClInclude Include="TileMap.h">
      <Filter>Header Files\Map</Filter>
    </ClInclude>
    <ClInclude Include="resource.h">
      <Filter>Header Files</Filter>
    </ClInclude>
    <ClInclude Include="Game.h">
      <Filter>Header Files\Game</Filter>
    </ClInclude>
    <ClInclude Include="GameTime.h">
      <Filter>Header Files\Game</Filter>
    </ClInclude>
    <ClInclude Include="GameWindow.h">
      <Filter>Header Files\Game</Filter>
    </ClInclude>
    <ClInclude Include="Graphics.h">
      <Filter>Header Files\Game</Filter>
    </ClInclude>
    <ClInclude Include="Stage.h">
      <Filter>Header Files</Filter>
    </ClInclude>
    <ClInclude Include="SweptAABB.h">
      <Filter>Header Files</Filter>
    </ClInclude>
    <ClInclude Include="ObjectsFilter.h">
      <Filter>Header Files\Objects</Filter>
    </ClInclude>
    <ClInclude Include="QuadTreeNode.h">
      <Filter>Header Files\QuadTree</Filter>
    </ClInclude>
    <ClInclude Include="QuadTree.h">
      <Filter>Header Files\QuadTree</Filter>
    </ClInclude>
    <ClInclude Include="Gate1.h">
      <Filter>Header Files\Objects\Gate</Filter>
    </ClInclude>
    <ClInclude Include="Door.h">
      <Filter>Header Files\Objects\Gate</Filter>
    </ClInclude>
    <ClInclude Include="Stair.h">
      <Filter>Header Files\Objects</Filter>
    </ClInclude>
    <ClInclude Include="Panther.h">
      <Filter>Header Files\Objects\Enemies</Filter>
    </ClInclude>
    <ClInclude Include="Simon.h">
      <Filter>Header Files\Objects</Filter>
    </ClInclude>
    <ClInclude Include="Zombie.h">
      <Filter>Header Files\Objects\Enemies</Filter>
    </ClInclude>
    <ClInclude Include="Enemy.h">
      <Filter>Header Files\Objects\Enemies</Filter>
    </ClInclude>
    <ClInclude Include="BigFire.h">
      <Filter>Header Files\Objects\Candle</Filter>
    </ClInclude>
    <ClInclude Include="CandleSmall.h">
      <Filter>Header Files\Objects\Candle</Filter>
    </ClInclude>
    <ClInclude Include="ChangeStage.h">
      <Filter>Header Files</Filter>
    </ClInclude>
    <ClInclude Include="Whip.h">
      <Filter>Header Files\Objects</Filter>
    </ClInclude>
    <ClInclude Include="Vampire_Bat.h">
      <Filter>Header Files\Objects\Enemies</Filter>
    </ClInclude>
    <ClInclude Include="ActiveVampireBat.h">
      <Filter>Header Files\Objects</Filter>
    </ClInclude>
    <ClInclude Include="HitEffect.h">
      <Filter>Header Files</Filter>
    </ClInclude>
    <ClInclude Include="HitEffect2.h">
      <Filter>Header Files</Filter>
    </ClInclude>
    <ClInclude Include="DelayTime.h">
      <Filter>Header Files</Filter>
    </ClInclude>
    <ClInclude Include="WhipAttackable.h">
      <Filter>Header Files</Filter>
    </ClInclude>
    <ClInclude Include="GameStatus.h">
      <Filter>Header Files</Filter>
    </ClInclude>
    <ClInclude Include="Number.h">
      <Filter>Header Files</Filter>
    </ClInclude>
  </ItemGroup>
  <ItemGroup>
    <ClCompile Include="MAIN.cpp">
      <Filter>Source Files</Filter>
    </ClCompile>
    <ClCompile Include="GObject.cpp">
      <Filter>Source Files\Objects</Filter>
    </ClCompile>
    <ClCompile Include="MovableObject.cpp">
      <Filter>Source Files\Objects</Filter>
    </ClCompile>
    <ClCompile Include="Simon.cpp">
      <Filter>Source Files\Objects</Filter>
    </ClCompile>
    <ClCompile Include="Keyboard.cpp">
      <Filter>Source Files\Input</Filter>
    </ClCompile>
    <ClCompile Include="Camera.cpp">
      <Filter>Source Files\Camera</Filter>
    </ClCompile>
    <ClCompile Include="Animation.cpp">
      <Filter>Source Files\Sprite</Filter>
    </ClCompile>
    <ClCompile Include="SpriteManager.cpp">
      <Filter>Source Files\Sprite</Filter>
    </ClCompile>
    <ClCompile Include="Sprite.cpp">
      <Filter>Source Files\Sprite</Filter>
    </ClCompile>
    <ClCompile Include="Texture.cpp">
      <Filter>Source Files\Sprite</Filter>
    </ClCompile>
    <ClCompile Include="RectF.cpp">
      <Filter>Source Files\Objects</Filter>
    </ClCompile>
    <ClCompile Include="Map.cpp">
      <Filter>Source Files\Map</Filter>
    </ClCompile>
    <ClCompile Include="TileMap.cpp">
      <Filter>Source Files\Map</Filter>
    </ClCompile>
    <ClCompile Include="Game.cpp">
      <Filter>Source Files\Game</Filter>
    </ClCompile>
    <ClCompile Include="GameTime.cpp">
      <Filter>Source Files\Game</Filter>
    </ClCompile>
    <ClCompile Include="GameWindow.cpp">
      <Filter>Source Files\Game</Filter>
    </ClCompile>
    <ClCompile Include="Graphics.cpp">
      <Filter>Source Files\Game</Filter>
    </ClCompile>
    <ClCompile Include="Stage.cpp">
      <Filter>Source Files</Filter>
    </ClCompile>
    <ClCompile Include="SweptAABB.cpp">
      <Filter>Source Files</Filter>
    </ClCompile>
    <ClCompile Include="ObjectsFilter.cpp">
      <Filter>Source Files\Objects</Filter>
    </ClCompile>
    <ClCompile Include="QuadTreeNode.cpp">
      <Filter>Source Files\QuadTree</Filter>
    </ClCompile>
    <ClCompile Include="QuadTree.cpp">
      <Filter>Source Files\QuadTree</Filter>
    </ClCompile>
    <ClCompile Include="Door.cpp">
      <Filter>Source Files\Objects\Gate</Filter>
    </ClCompile>
    <ClCompile Include="Gate1.cpp">
      <Filter>Source Files\Objects\Gate</Filter>
    </ClCompile>
    <ClCompile Include="Stair.cpp">
      <Filter>Source Files\Objects</Filter>
    </ClCompile>
    <ClCompile Include="Enemy.cpp">
      <Filter>Source Files\Objects\Enemies</Filter>
    </ClCompile>
    <ClCompile Include="Panther.cpp">
      <Filter>Source Files\Objects\Enemies</Filter>
    </ClCompile>
    <ClCompile Include="Zombie.cpp">
      <Filter>Source Files\Objects\Enemies</Filter>
    </ClCompile>
    <ClCompile Include="BigFire.cpp">
      <Filter>Source Files\Objects\Candle</Filter>
    </ClCompile>
    <ClCompile Include="CandleSmall.cpp">
      <Filter>Source Files\Objects\Candle</Filter>
    </ClCompile>
    <ClCompile Include="ChangeStage.cpp">
      <Filter>Source Files</Filter>
    </ClCompile>
    <ClCompile Include="Whip.cpp">
      <Filter>Source Files\Objects</Filter>
    </ClCompile>
    <ClCompile Include="Vampire_Bat.cpp">
      <Filter>Source Files\Objects\Enemies</Filter>
    </ClCompile>
    <ClCompile Include="ActiveVampireBat.cpp">
      <Filter>Source Files\Objects</Filter>
    </ClCompile>
    <ClCompile Include="HitEffect.cpp">
      <Filter>Source Files</Filter>
    </ClCompile>
    <ClCompile Include="HitEffect2.cpp">
      <Filter>Source Files</Filter>
    </ClCompile>
    <ClCompile Include="DelayTime.cpp">
      <Filter>Source Files</Filter>
    </ClCompile>
    <ClCompile Include="WhipAttackable.cpp">
      <Filter>Source Files</Filter>
    </ClCompile>
    <ClCompile Include="GameStatus.cpp">
      <Filter>Source Files</Filter>
    </ClCompile>
    <ClCompile Include="Number.cpp">
      <Filter>Source Files</Filter>
    </ClCompile>
  </ItemGroup>
  <ItemGroup>
    <ResourceCompile Include="Game.rc">
      <Filter>Resource Files</Filter>
    </ResourceCompile>
  </ItemGroup>
</Project>